
Microsoft Visual Studio Solution File, Format Version 12.00
# Visual Studio Version 17
VisualStudioVersion = 17.0.31903.59
MinimumVisualStudioVersion = 10.0.40219.1
Project("{2150E333-8FDC-42A3-9474-1A3956D46DE8}") = "src", "src", "{827E0CD3-B72D-47B6-A68D-7590B98EB39B}"
EndProject
Project("{FAE04EC0-301F-11D3-BF4B-00C04F79EFBC}") = "Moongazing.OrionPatch", "src\Moongazing.OrionPatch\Moongazing.OrionPatch.csproj", "{DD2D6728-1EDB-46A9-A05D-7DCDC6DAB49F}"
EndProject
Project("{2150E333-8FDC-42A3-9474-1A3956D46DE8}") = "tests", "tests", "{0AB3BF05-4346-4AA6-1389-037BE0695223}"
EndProject
Project("{FAE04EC0-301F-11D3-BF4B-00C04F79EFBC}") = "Moongazing.OrionPatch.Tests", "tests\Moongazing.OrionPatch.Tests\Moongazing.OrionPatch.Tests.csproj", "{BE7F255F-B65F-404F-99CB-E171A987ADAA}"
EndProject
Project("{FAE04EC0-301F-11D3-BF4B-00C04F79EFBC}") = "Moongazing.OrionPatch.EntityFrameworkCore", "src\Moongazing.OrionPatch.EntityFrameworkCore\Moongazing.OrionPatch.EntityFrameworkCore.csproj", "{A72011C3-5940-4ECD-B26A-87D55BE7EFB7}"
EndProject
Project("{FAE04EC0-301F-11D3-BF4B-00C04F79EFBC}") = "Moongazing.OrionPatch.EntityFrameworkCore.Tests", "tests\Moongazing.OrionPatch.EntityFrameworkCore.Tests\Moongazing.OrionPatch.EntityFrameworkCore.Tests.csproj", "{604A6EF7-D1A3-40FD-A86E-964C1D1B5261}"
EndProject
Project("{FAE04EC0-301F-11D3-BF4B-00C04F79EFBC}") = "Moongazing.OrionPatch.Testing", "src\Moongazing.OrionPatch.Testing\Moongazing.OrionPatch.Testing.csproj", "{F4D5BFC5-3CD1-4E2C-82DC-6026004FDB01}"
EndProject
Project("{FAE04EC0-301F-11D3-BF4B-00C04F79EFBC}") = "Moongazing.OrionPatch.Testing.Tests", "tests\Moongazing.OrionPatch.Testing.Tests\Moongazing.OrionPatch.Testing.Tests.csproj", "{A8D9A7FF-236F-40C7-BDCA-DD6BB527F87B}"
EndProject
Global
	GlobalSection(SolutionConfigurationPlatforms) = preSolution
		Debug|Any CPU = Debug|Any CPU
		Debug|x64 = Debug|x64
		Debug|x86 = Debug|x86
		Release|Any CPU = Release|Any CPU
		Release|x64 = Release|x64
		Release|x86 = Release|x86
	EndGlobalSection
	GlobalSection(ProjectConfigurationPlatforms) = postSolution
		{DD2D6728-1EDB-46A9-A05D-7DCDC6DAB49F}.Debug|Any CPU.ActiveCfg = Debug|Any CPU
		{DD2D6728-1EDB-46A9-A05D-7DCDC6DAB49F}.Debug|Any CPU.Build.0 = Debug|Any CPU
		{DD2D6728-1EDB-46A9-A05D-7DCDC6DAB49F}.Debug|x64.ActiveCfg = Debug|Any CPU
		{DD2D6728-1EDB-46A9-A05D-7DCDC6DAB49F}.Debug|x64.Build.0 = Debug|Any CPU
		{DD2D6728-1EDB-46A9-A05D-7DCDC6DAB49F}.Debug|x86.ActiveCfg = Debug|Any CPU
		{DD2D6728-1EDB-46A9-A05D-7DCDC6DAB49F}.Debug|x86.Build.0 = Debug|Any CPU
		{DD2D6728-1EDB-46A9-A05D-7DCDC6DAB49F}.Release|Any CPU.ActiveCfg = Release|Any CPU
		{DD2D6728-1EDB-46A9-A05D-7DCDC6DAB49F}.Release|Any CPU.Build.0 = Release|Any CPU
		{DD2D6728-1EDB-46A9-A05D-7DCDC6DAB49F}.Release|x64.ActiveCfg = Release|Any CPU
		{DD2D6728-1EDB-46A9-A05D-7DCDC6DAB49F}.Release|x64.Build.0 = Release|Any CPU
		{DD2D6728-1EDB-46A9-A05D-7DCDC6DAB49F}.Release|x86.ActiveCfg = Release|Any CPU
		{DD2D6728-1EDB-46A9-A05D-7DCDC6DAB49F}.Release|x86.Build.0 = Release|Any CPU
		{BE7F255F-B65F-404F-99CB-E171A987ADAA}.Debug|Any CPU.ActiveCfg = Debug|Any CPU
		{BE7F255F-B65F-404F-99CB-E171A987ADAA}.Debug|Any CPU.Build.0 = Debug|Any CPU
		{BE7F255F-B65F-404F-99CB-E171A987ADAA}.Debug|x64.ActiveCfg = Debug|Any CPU
		{BE7F255F-B65F-404F-99CB-E171A987ADAA}.Debug|x64.Build.0 = Debug|Any CPU
		{BE7F255F-B65F-404F-99CB-E171A987ADAA}.Debug|x86.ActiveCfg = Debug|Any CPU
		{BE7F255F-B65F-404F-99CB-E171A987ADAA}.Debug|x86.Build.0 = Debug|Any CPU
		{BE7F255F-B65F-404F-99CB-E171A987ADAA}.Release|Any CPU.ActiveCfg = Release|Any CPU
		{BE7F255F-B65F-404F-99CB-E171A987ADAA}.Release|Any CPU.Build.0 = Release|Any CPU
		{BE7F255F-B65F-404F-99CB-E171A987ADAA}.Release|x64.ActiveCfg = Release|Any CPU
		{BE7F255F-B65F-404F-99CB-E171A987ADAA}.Release|x64.Build.0 = Release|Any CPU
		{BE7F255F-B65F-404F-99CB-E171A987ADAA}.Release|x86.ActiveCfg = Release|Any CPU
		{BE7F255F-B65F-404F-99CB-E171A987ADAA}.Release|x86.Build.0 = Release|Any CPU
		{A72011C3-5940-4ECD-B26A-87D55BE7EFB7}.Debug|Any CPU.ActiveCfg = Debug|Any CPU
		{A72011C3-5940-4ECD-B26A-87D55BE7EFB7}.Debug|Any CPU.Build.0 = Debug|Any CPU
		{A72011C3-5940-4ECD-B26A-87D55BE7EFB7}.Debug|x64.ActiveCfg = Debug|Any CPU
		{A72011C3-5940-4ECD-B26A-87D55BE7EFB7}.Debug|x64.Build.0 = Debug|Any CPU
		{A72011C3-5940-4ECD-B26A-87D55BE7EFB7}.Debug|x86.ActiveCfg = Debug|Any CPU
		{A72011C3-5940-4ECD-B26A-87D55BE7EFB7}.Debug|x86.Build.0 = Debug|Any CPU
		{A72011C3-5940-4ECD-B26A-87D55BE7EFB7}.Release|Any CPU.ActiveCfg = Release|Any CPU
		{A72011C3-5940-4ECD-B26A-87D55BE7EFB7}.Release|Any CPU.Build.0 = Release|Any CPU
		{A72011C3-5940-4ECD-B26A-87D55BE7EFB7}.Release|x64.ActiveCfg = Release|Any CPU
		{A72011C3-5940-4ECD-B26A-87D55BE7EFB7}.Release|x64.Build.0 = Release|Any CPU
		{A72011C3-5940-4ECD-B26A-87D55BE7EFB7}.Release|x86.ActiveCfg = Release|Any CPU
		{A72011C3-5940-4ECD-B26A-87D55BE7EFB7}.Release|x86.Build.0 = Release|Any CPU
		{604A6EF7-D1A3-40FD-A86E-964C1D1B5261}.Debug|Any CPU.ActiveCfg = Debug|Any CPU
		{604A6EF7-D1A3-40FD-A86E-964C1D1B5261}.Debug|Any CPU.Build.0 = Debug|Any CPU
		{604A6EF7-D1A3-40FD-A86E-964C1D1B5261}.Debug|x64.ActiveCfg = Debug|Any CPU
		{604A6EF7-D1A3-40FD-A86E-964C1D1B5261}.Debug|x64.Build.0 = Debug|Any CPU
		{604A6EF7-D1A3-40FD-A86E-964C1D1B5261}.Debug|x86.ActiveCfg = Debug|Any CPU
		{604A6EF7-D1A3-40FD-A86E-964C1D1B5261}.Debug|x86.Build.0 = Debug|Any CPU
		{604A6EF7-D1A3-40FD-A86E-964C1D1B5261}.Release|Any CPU.ActiveCfg = Release|Any CPU
		{604A6EF7-D1A3-40FD-A86E-964C1D1B5261}.Release|Any CPU.Build.0 = Release|Any CPU
		{604A6EF7-D1A3-40FD-A86E-964C1D1B5261}.Release|x64.ActiveCfg = Release|Any CPU
		{604A6EF7-D1A3-40FD-A86E-964C1D1B5261}.Release|x64.Build.0 = Release|Any CPU
		{604A6EF7-D1A3-40FD-A86E-964C1D1B5261}.Release|x86.ActiveCfg = Release|Any CPU
		{604A6EF7-D1A3-40FD-A86E-964C1D1B5261}.Release|x86.Build.0 = Release|Any CPU
		{F4D5BFC5-3CD1-4E2C-82DC-6026004FDB01}.Debug|Any CPU.ActiveCfg = Debug|Any CPU
		{F4D5BFC5-3CD1-4E2C-82DC-6026004FDB01}.Debug|Any CPU.Build.0 = Debug|Any CPU
		{F4D5BFC5-3CD1-4E2C-82DC-6026004FDB01}.Debug|x64.ActiveCfg = Debug|Any CPU
		{F4D5BFC5-3CD1-4E2C-82DC-6026004FDB01}.Debug|x64.Build.0 = Debug|Any CPU
		{F4D5BFC5-3CD1-4E2C-82DC-6026004FDB01}.Debug|x86.ActiveCfg = Debug|Any CPU
		{F4D5BFC5-3CD1-4E2C-82DC-6026004FDB01}.Debug|x86.Build.0 = Debug|Any CPU
		{F4D5BFC5-3CD1-4E2C-82DC-6026004FDB01}.Release|Any CPU.ActiveCfg = Release|Any CPU
		{F4D5BFC5-3CD1-4E2C-82DC-6026004FDB01}.Release|Any CPU.Build.0 = Release|Any CPU
		{F4D5BFC5-3CD1-4E2C-82DC-6026004FDB01}.Release|x64.ActiveCfg = Release|Any CPU
		{F4D5BFC5-3CD1-4E2C-82DC-6026004FDB01}.Release|x64.Build.0 = Release|Any CPU
		{F4D5BFC5-3CD1-4E2C-82DC-6026004FDB01}.Release|x86.ActiveCfg = Release|Any CPU
		{F4D5BFC5-3CD1-4E2C-82DC-6026004FDB01}.Release|x86.Build.0 = Release|Any CPU
		{A8D9A7FF-236F-40C7-BDCA-DD6BB527F87B}.Debug|Any CPU.ActiveCfg = Debug|Any CPU
		{A8D9A7FF-236F-40C7-BDCA-DD6BB527F87B}.Debug|Any CPU.Build.0 = Debug|Any CPU
		{A8D9A7FF-236F-40C7-BDCA-DD6BB527F87B}.Debug|x64.ActiveCfg = Debug|Any CPU
		{A8D9A7FF-236F-40C7-BDCA-DD6BB527F87B}.Debug|x64.Build.0 = Debug|Any CPU
		{A8D9A7FF-236F-40C7-BDCA-DD6BB527F87B}.Debug|x86.ActiveCfg = Debug|Any CPU
		{A8D9A7FF-236F-40C7-BDCA-DD6BB527F87B}.Debug|x86.Build.0 = Debug|Any CPU
		{A8D9A7FF-236F-40C7-BDCA-DD6BB527F87B}.Release|Any CPU.ActiveCfg = Release|Any CPU
		{A8D9A7FF-236F-40C7-BDCA-DD6BB527F87B}.Release|Any CPU.Build.0 = Release|Any CPU
		{A8D9A7FF-236F-40C7-BDCA-DD6BB527F87B}.Release|x64.ActiveCfg = Release|Any CPU
		{A8D9A7FF-236F-40C7-BDCA-DD6BB527F87B}.Release|x64.Build.0 = Release|Any CPU
		{A8D9A7FF-236F-40C7-BDCA-DD6BB527F87B}.Release|x86.ActiveCfg = Release|Any CPU
		{A8D9A7FF-236F-40C7-BDCA-DD6BB527F87B}.Release|x86.Build.0 = Release|Any CPU
	EndGlobalSection
	GlobalSection(SolutionProperties) = preSolution
		HideSolutionNode = FALSE
	EndGlobalSection
	GlobalSection(NestedProjects) = preSolution
		{DD2D6728-1EDB-46A9-A05D-7DCDC6DAB49F} = {827E0CD3-B72D-47B6-A68D-7590B98EB39B}
		{BE7F255F-B65F-404F-99CB-E171A987ADAA} = {0AB3BF05-4346-4AA6-1389-037BE0695223}
		{A72011C3-5940-4ECD-B26A-87D55BE7EFB7} = {827E0CD3-B72D-47B6-A68D-7590B98EB39B}
		{604A6EF7-D1A3-40FD-A86E-964C1D1B5261} = {0AB3BF05-4346-4AA6-1389-037BE0695223}
		{F4D5BFC5-3CD1-4E2C-82DC-6026004FDB01} = {827E0CD3-B72D-47B6-A68D-7590B98EB39B}
		{A8D9A7FF-236F-40C7-BDCA-DD6BB527F87B} = {0AB3BF05-4346-4AA6-1389-037BE0695223}
	EndGlobalSection
EndGlobal
